
Microsoft Visual Studio Solution File, Format Version 12.00
# Visual Studio Version 17
VisualStudioVersion = 17.8.34525.116
MinimumVisualStudioVersion = 10.0.40219.1
Project("{9A19103F-16F7-4668-BE54-9A1E7A4F7556}") = "ChessNotationConverter", "ChessNotationConverter.csproj", "{F34B553E-CFDD-4065-AAF5-6ED32ACBF540}"
EndProject
Global
	GlobalSection(SolutionConfigurationPlatforms) = preSolution
		Debug|Any CPU = Debug|Any CPU
		Release|Any CPU = Release|Any CPU
	EndGlobalSection
	GlobalSection(ProjectConfigurationPlatforms) = postSolution
		{F34B553E-CFDD-4065-AAF5-6ED32ACBF540}.Debug|Any CPU.ActiveCfg = Debug|Any CPU
		{F34B553E-CFDD-4065-AAF5-6ED32ACBF540}.Debug|Any CPU.Build.0 = Debug|Any CPU
		{F34B553E-CFDD-4065-AAF5-6ED32ACBF540}.Release|Any CPU.ActiveCfg = Release|Any CPU
		{F34B553E-CFDD-4065-AAF5-6ED32ACBF540}.Release|Any CPU.Build.0 = Release|Any CPU
	EndGlobalSection
	GlobalSection(SolutionProperties) = preSolution
		HideSolutionNode = FALSE
	EndGlobalSection
	GlobalSection(ExtensibilityGlobals) = postSolution
		SolutionGuid = {49AD205A-689E-455E-859A-13E807D5746B}
	EndGlobalSection
EndGlobal
